// !$*UTF8*$!
{
	archiveVersion = 1;
	classes = {
	};
	objectVersion = 51;
	objects = {

/* Begin PBXBuildFile section */
		029D8E98E661E69F40C88983 /* Launch.storyboard in Resources */ = {isa = PBXBuildFile; fileRef = 71AE82AF9EC690BCAD4C15AC /* Launch.storyboard */; };
		0A6FF4D602536EC4EF22DE4F /* Configuration.swift in Sources */ = {isa = PBXBuildFile; fileRef = FD2EA2FF48582D9B7307447A /* Configuration.swift */; };
		767E4AD5F5BFC9963F0A2822 /* Assets.xcassets in Resources */ = {isa = PBXBuildFile; fileRef = CF962E4CC942C9DDAA038D3A /* Assets.xcassets */; };
		8491A2215AA34999D1561625 /* Main.storyboard in Resources */ = {isa = PBXBuildFile; fileRef = 7522FBAE3F4B8FE3DFAF684A /* Main.storyboard */; };
		A8B90190F0EDA0BAC40A0310 /* MainViewController.swift in Sources */ = {isa = PBXBuildFile; fileRef = 176B2FCF8E6DF594D94518FE /* MainViewController.swift */; };
		CE7D8468B68A27109A433814 /* AppDelegate.swift in Sources */ = {isa = PBXBuildFile; fileRef = F39DDC5BCF164234109FB521 /* AppDelegate.swift */; };
/* End PBXBuildFile section */

/* Begin PBXFileReference section */
		106EE36FA2B07A1040BD131E /* App.app */ = {isa = PBXFileReference; includeInIndex = 0; lastKnownFileType = wrapper.application; path = App.app; sourceTree = BUILT_PRODUCTS_DIR; };
		176B2FCF8E6DF594D94518FE /* MainViewController.swift */ = {isa = PBXFileReference; lastKnownFileType = sourcecode.swift; path = MainViewController.swift; sourceTree = "<group>"; };
		1C4136301B7857B2170CE55F /* Debug.xcconfig */ = {isa = PBXFileReference; lastKnownFileType = text.xcconfig; path = Debug.xcconfig; sourceTree = "<group>"; };
		6D5DF3B20D838ABB3738856A /* Info.plist */ = {isa = PBXFileReference; lastKnownFileType = text.plist; path = Info.plist; sourceTree = "<group>"; };
		8606DB5F483E4A2EA131176C /* Base */ = {isa = PBXFileReference; lastKnownFileType = file.storyboard; name = Base; path = Base.lproj/Launch.storyboard; sourceTree = "<group>"; };
		CD9BFFCF2F0EC0C2DBF2226A /* Production.xcconfig */ = {isa = PBXFileReference; lastKnownFileType = text.xcconfig; path = Production.xcconfig; sourceTree = "<group>"; };
		CEFF92F5EC3C1BA72791F220 /* Staging.xcconfig */ = {isa = PBXFileReference; lastKnownFileType = text.xcconfig; path = Staging.xcconfig; sourceTree = "<group>"; };
		CF962E4CC942C9DDAA038D3A /* Assets.xcassets */ = {isa = PBXFileReference; lastKnownFileType = folder.assetcatalog; path = Assets.xcassets; sourceTree = "<group>"; };
		F39DDC5BCF164234109FB521 /* AppDelegate.swift */ = {isa = PBXFileReference; lastKnownFileType = sourcecode.swift; path = AppDelegate.swift; sourceTree = "<group>"; };
		FD2EA2FF48582D9B7307447A /* Configuration.swift */ = {isa = PBXFileReference; lastKnownFileType = sourcecode.swift; path = Configuration.swift; sourceTree = "<group>"; };
		FE49F3F73A1C97D6D1246477 /* Base */ = {isa = PBXFileReference; lastKnownFileType = file.storyboard; name = Base; path = Base.lproj/Main.storyboard; sourceTree = "<group>"; };
/* End PBXFileReference section */

/* Begin PBXGroup section */
		2AE22A4159EA6AC6FA3AB8EE /* App */ = {
			isa = PBXGroup;
			children = (
				58906AD484F305CA4B5A6520 /* Configuration */,
				4DFFA2451D01FA1444AC6B54 /* Resources */,
				7B49D9692F474D3DB46F2C69 /* UI */,
				F39DDC5BCF164234109FB521 /* AppDelegate.swift */,
				6D5DF3B20D838ABB3738856A /* Info.plist */,
			);
			path = App;
			sourceTree = "<group>";
		};
		39F19066892F602A06EB75E1 /* Products */ = {
			isa = PBXGroup;
			children = (
				106EE36FA2B07A1040BD131E /* App.app */,
			);
			name = Products;
			sourceTree = "<group>";
		};
		4DFFA2451D01FA1444AC6B54 /* Resources */ = {
			isa = PBXGroup;
			children = (
				CF962E4CC942C9DDAA038D3A /* Assets.xcassets */,
			);
			path = Resources;
			sourceTree = "<group>";
		};
		58906AD484F305CA4B5A6520 /* Configuration */ = {
			isa = PBXGroup;
			children = (
				FD2EA2FF48582D9B7307447A /* Configuration.swift */,
				1C4136301B7857B2170CE55F /* Debug.xcconfig */,
				CD9BFFCF2F0EC0C2DBF2226A /* Production.xcconfig */,
				CEFF92F5EC3C1BA72791F220 /* Staging.xcconfig */,
			);
			path = Configuration;
			sourceTree = "<group>";
		};
		7B49D9692F474D3DB46F2C69 /* UI */ = {
			isa = PBXGroup;
			children = (
				A0C5782446D917EDEB22F16D /* Launch */,
				D63C89FF9F4BCAAF2F0A8521 /* Main */,
			);
			path = UI;
			sourceTree = "<group>";
		};
		A0C5782446D917EDEB22F16D /* Launch */ = {
			isa = PBXGroup;
			children = (
				71AE82AF9EC690BCAD4C15AC /* Launch.storyboard */,
			);
			path = Launch;
			sourceTree = "<group>";
		};
		D63C89FF9F4BCAAF2F0A8521 /* Main */ = {
			isa = PBXGroup;
			children = (
				7522FBAE3F4B8FE3DFAF684A /* Main.storyboard */,
				176B2FCF8E6DF594D94518FE /* MainViewController.swift */,
			);
			path = Main;
			sourceTree = "<group>";
		};
		ECC725CBB0AFA6EDCC045DD7 = {
			isa = PBXGroup;
			children = (
				2AE22A4159EA6AC6FA3AB8EE /* App */,
				39F19066892F602A06EB75E1 /* Products */,
			);
			sourceTree = "<group>";
		};
/* End PBXGroup section */

/* Begin PBXNativeTarget section */
		BA356DB728F024EC0473976E /* App */ = {
			isa = PBXNativeTarget;
			buildConfigurationList = D40844485467B391F1412C96 /* Build configuration list for PBXNativeTarget "App" */;
			buildPhases = (
				DEEA0E730154E1412CB60747 /* Sources */,
				5E9303A76AE92C8343E443E1 /* SwiftLint */,
				5A71F2F21CE092F25916749B /* Resources */,
			);
			buildRules = (
			);
			dependencies = (
			);
			name = App;
			productName = App;
			productReference = 106EE36FA2B07A1040BD131E /* App.app */;
			productType = "com.apple.product-type.application";
		};
/* End PBXNativeTarget section */

/* Begin PBXProject section */
		745576A03DD50344F17F9DD2 /* Project object */ = {
			isa = PBXProject;
			attributes = {
				LastUpgradeCheck = 1200;
				TargetAttributes = {
					BA356DB728F024EC0473976E = {
						DevelopmentTeam = LV744N3C27;
						ProvisioningStyle = Automatic;
					};
				};
			};
			buildConfigurationList = 48A0E896E0EF18B4E252C5DD /* Build configuration list for PBXProject "XcodeGenDemo" */;
			compatibilityVersion = "Xcode 11.0";
			developmentRegion = ru;
			hasScannedForEncodings = 0;
			knownRegions = (
				Base,
				ru,
			);
			mainGroup = ECC725CBB0AFA6EDCC045DD7;
			projectDirPath = "";
			projectRoot = "";
			targets = (
				BA356DB728F024EC0473976E /* App */,
			);
		};
/* End PBXProject section */

/* Begin PBXResourcesBuildPhase section */
		5A71F2F21CE092F25916749B /* Resources */ = {
			isa = PBXResourcesBuildPhase;
			buildActionMask = 2147483647;
			files = (
				767E4AD5F5BFC9963F0A2822 /* Assets.xcassets in Resources */,
				029D8E98E661E69F40C88983 /* Launch.storyboard in Resources */,
				8491A2215AA34999D1561625 /* Main.storyboard in Resources */,
			);
			runOnlyForDeploymentPostprocessing = 0;
		};
/* End PBXResourcesBuildPhase section */

/* Begin PBXShellScriptBuildPhase section */
		5E9303A76AE92C8343E443E1 /* SwiftLint */ = {
			isa = PBXShellScriptBuildPhase;
			buildActionMask = 2147483647;
			files = (
			);
			inputFileListPaths = (
			);
			inputPaths = (
			);
			name = SwiftLint;
			outputFileListPaths = (
			);
			outputPaths = (
			);
			runOnlyForDeploymentPostprocessing = 0;
			shellPath = /bin/sh;
			shellScript = "if which swiftlint >/dev/null; then\n  swiftlint --no-cache\nfi\n";
		};
/* End PBXShellScriptBuildPhase section */

/* Begin PBXSourcesBuildPhase section */
		DEEA0E730154E1412CB60747 /* Sources */ = {
			isa = PBXSourcesBuildPhase;
			buildActionMask = 2147483647;
			files = (
				CE7D8468B68A27109A433814 /* AppDelegate.swift in Sources */,
				0A6FF4D602536EC4EF22DE4F /* Configuration.swift in Sources */,
				A8B90190F0EDA0BAC40A0310 /* MainViewController.swift in Sources */,
			);
			runOnlyForDeploymentPostprocessing = 0;
		};
/* End PBXSourcesBuildPhase section */

/* Begin PBXVariantGroup section */
		71AE82AF9EC690BCAD4C15AC /* Launch.storyboard */ = {
			isa = PBXVariantGroup;
			children = (
				8606DB5F483E4A2EA131176C /* Base */,
			);
			name = Launch.storyboard;
			sourceTree = "<group>";
		};
		7522FBAE3F4B8FE3DFAF684A /* Main.storyboard */ = {
			isa = PBXVariantGroup;
			children = (
				FE49F3F73A1C97D6D1246477 /* Base */,
			);
			name = Main.storyboard;
			sourceTree = "<group>";
		};
/* End PBXVariantGroup section */

/* Begin XCBuildConfiguration section */
		7625F0BAA3CBD1104DA37F2C /* Production */ = {
			isa = XCBuildConfiguration;
			buildSettings = {
				ALWAYS_SEARCH_USER_PATHS = NO;
				CLANG_ANALYZER_NONNULL = YES;
				CLANG_ANALYZER_NUMBER_OBJECT_CONVERSION = YES_AGGRESSIVE;
				CLANG_CXX_LANGUAGE_STANDARD = "gnu++14";
				CLANG_CXX_LIBRARY = "libc++";
				CLANG_ENABLE_MODULES = YES;
				CLANG_ENABLE_OBJC_ARC = YES;
				CLANG_ENABLE_OBJC_WEAK = YES;
				CLANG_WARN_BLOCK_CAPTURE_AUTORELEASING = YES;
				CLANG_WARN_BOOL_CONVERSION = YES;
				CLANG_WARN_COMMA = YES;
				CLANG_WARN_CONSTANT_CONVERSION = YES;
				CLANG_WARN_DEPRECATED_OBJC_IMPLEMENTATIONS = YES;
				CLANG_WARN_DIRECT_OBJC_ISA_USAGE = YES_ERROR;
				CLANG_WARN_DOCUMENTATION_COMMENTS = YES;
				CLANG_WARN_EMPTY_BODY = YES;
				CLANG_WARN_ENUM_CONVERSION = YES;
				CLANG_WARN_INFINITE_RECURSION = YES;
				CLANG_WARN_INT_CONVERSION = YES;
				CLANG_WARN_NON_LITERAL_NULL_CONVERSION = YES;
				CLANG_WARN_OBJC_IMPLICIT_RETAIN_SELF = YES;
				CLANG_WARN_OBJC_LITERAL_CONVERSION = YES;
				CLANG_WARN_OBJC_ROOT_CLASS = YES_ERROR;
				CLANG_WARN_QUOTED_INCLUDE_IN_FRAMEWORK_HEADER = YES;
				CLANG_WARN_RANGE_LOOP_ANALYSIS = YES;
				CLANG_WARN_STRICT_PROTOTYPES = YES;
				CLANG_WARN_SUSPICIOUS_MOVE = YES;
				CLANG_WARN_UNGUARDED_AVAILABILITY = YES_AGGRESSIVE;
				CLANG_WARN_UNREACHABLE_CODE = YES;
				CLANG_WARN__DUPLICATE_METHOD_MATCH = YES;
				COPY_PHASE_STRIP = NO;
				DEBUG_INFORMATION_FORMAT = "dwarf-with-dsym";
				ENABLE_NS_ASSERTIONS = NO;
				ENABLE_STRICT_OBJC_MSGSEND = YES;
				GCC_C_LANGUAGE_STANDARD = gnu11;
				GCC_NO_COMMON_BLOCKS = YES;
				GCC_WARN_64_TO_32_BIT_CONVERSION = YES;
				GCC_WARN_ABOUT_RETURN_TYPE = YES_ERROR;
				GCC_WARN_UNDECLARED_SELECTOR = YES;
				GCC_WARN_UNINITIALIZED_AUTOS = YES_AGGRESSIVE;
				GCC_WARN_UNUSED_FUNCTION = YES;
				GCC_WARN_UNUSED_VARIABLE = YES;
				IPHONEOS_DEPLOYMENT_TARGET = 10.0;
				MTL_ENABLE_DEBUG_INFO = NO;
				MTL_FAST_MATH = YES;
				PRODUCT_NAME = "$(TARGET_NAME)";
				SDKROOT = iphoneos;
				SWIFT_COMPILATION_MODE = wholemodule;
				SWIFT_OPTIMIZATION_LEVEL = "-O";
				SWIFT_VERSION = 5.0;
			};
			name = Production;
		};
		A5B5EC8385C6289932F9436D /* Debug */ = {
			isa = XCBuildConfiguration;
			baseConfigurationReference = 1C4136301B7857B2170CE55F /* Debug.xcconfig */;
			buildSettings = {
				ALWAYS_EMBED_SWIFT_STANDARD_LIBRARIES = "$(inherited)";
				ASSETCATALOG_COMPILER_APPICON_NAME = AppIconDebug;
				CODE_SIGN_IDENTITY = "iPhone Developer";
				CODE_SIGN_STYLE = Automatic;
				DEFINES_MODULE = YES;
				DEVELOPMENT_TEAM = LV744N3C27;
				INFOPLIST_FILE = App/Info.plist;
				IPHONEOS_DEPLOYMENT_TARGET = 10.0;
				LD_RUNPATH_SEARCH_PATHS = (
					"$(inherited)",
					"@executable_path/Frameworks",
				);
				PRODUCT_BUNDLE_IDENTIFIER = com.self.XcodeGenDemo;
				SDKROOT = iphoneos;
				TARGETED_DEVICE_FAMILY = 1;
				XCODEGEN_STATE = YES;
			};
			name = Debug;
		};
		C1CEB5CC83D446A1796F859C /* Production */ = {
			isa = XCBuildConfiguration;
			baseConfigurationReference = CD9BFFCF2F0EC0C2DBF2226A /* Production.xcconfig */;
			buildSettings = {
				ALWAYS_EMBED_SWIFT_STANDARD_LIBRARIES = "$(inherited)";
				ASSETCATALOG_COMPILER_APPICON_NAME = AppIcon;
				CODE_SIGN_IDENTITY = "iPhone Developer";
				CODE_SIGN_STYLE = Automatic;
				DEFINES_MODULE = YES;
				DEVELOPMENT_TEAM = LV744N3C27;
				INFOPLIST_FILE = App/Info.plist;
				IPHONEOS_DEPLOYMENT_TARGET = 10.0;
				LD_RUNPATH_SEARCH_PATHS = (
					"$(inherited)",
					"@executable_path/Frameworks",
				);
				PRODUCT_BUNDLE_IDENTIFIER = com.self.XcodeGenDemo;
				SDKROOT = iphoneos;
				TARGETED_DEVICE_FAMILY = 1;
				XCODEGEN_STATE = YES;
			};
			name = Production;
		};
		D654791393C6E094FECBF3C2 /* Staging */ = {
			isa = XCBuildConfiguration;
			baseConfigurationReference = CEFF92F5EC3C1BA72791F220 /* Staging.xcconfig */;
			buildSettings = {
				ALWAYS_EMBED_SWIFT_STANDARD_LIBRARIES = "$(inherited)";
				ASSETCATALOG_COMPILER_APPICON_NAME = AppIconStaging;
				CODE_SIGN_IDENTITY = "iPhone Developer";
				CODE_SIGN_STYLE = Automatic;
				DEFINES_MODULE = YES;
				DEVELOPMENT_TEAM = LV744N3C27;
				INFOPLIST_FILE = App/Info.plist;
				IPHONEOS_DEPLOYMENT_TARGET = 10.0;
				LD_RUNPATH_SEARCH_PATHS = (
					"$(inherited)",
					"@executable_path/Frameworks",
				);
				PRODUCT_BUNDLE_IDENTIFIER = com.self.XcodeGenDemo;
				SDKROOT = iphoneos;
				TARGETED_DEVICE_FAMILY = 1;
				XCODEGEN_STATE = YES;
			};
			name = Staging;
		};
		E8F200A5CE06DA418E96AAAE /* Staging */ = {
			isa = XCBuildConfiguration;
			buildSettings = {
				ALWAYS_SEARCH_USER_PATHS = NO;
				CLANG_ANALYZER_NONNULL = YES;
				CLANG_ANALYZER_NUMBER_OBJECT_CONVERSION = YES_AGGRESSIVE;
				CLANG_CXX_LANGUAGE_STANDARD = "gnu++14";
				CLANG_CXX_LIBRARY = "libc++";
				CLANG_ENABLE_MODULES = YES;
				CLANG_ENABLE_OBJC_ARC = YES;
				CLANG_ENABLE_OBJC_WEAK = YES;
				CLANG_WARN_BLOCK_CAPTURE_AUTORELEASING = YES;
				CLANG_WARN_BOOL_CONVERSION = YES;
				CLANG_WARN_COMMA = YES;
				CLANG_WARN_CONSTANT_CONVERSION = YES;
				CLANG_WARN_DEPRECATED_OBJC_IMPLEMENTATIONS = YES;
				CLANG_WARN_DIRECT_OBJC_ISA_USAGE = YES_ERROR;
				CLANG_WARN_DOCUMENTATION_COMMENTS = YES;
				CLANG_WARN_EMPTY_BODY = YES;
				CLANG_WARN_ENUM_CONVERSION = YES;
				CLANG_WARN_INFINITE_RECURSION = YES;
				CLANG_WARN_INT_CONVERSION = YES;
				CLANG_WARN_NON_LITERAL_NULL_CONVERSION = YES;
				CLANG_WARN_OBJC_IMPLICIT_RETAIN_SELF = YES;
				CLANG_WARN_OBJC_LITERAL_CONVERSION = YES;
				CLANG_WARN_OBJC_ROOT_CLASS = YES_ERROR;
				CLANG_WARN_QUOTED_INCLUDE_IN_FRAMEWORK_HEADER = YES;
				CLANG_WARN_RANGE_LOOP_ANALYSIS = YES;
				CLANG_WARN_STRICT_PROTOTYPES = YES;
				CLANG_WARN_SUSPICIOUS_MOVE = YES;
				CLANG_WARN_UNGUARDED_AVAILABILITY = YES_AGGRESSIVE;
				CLANG_WARN_UNREACHABLE_CODE = YES;
				CLANG_WARN__DUPLICATE_METHOD_MATCH = YES;
				COPY_PHASE_STRIP = NO;
				DEBUG_INFORMATION_FORMAT = "dwarf-with-dsym";
				ENABLE_NS_ASSERTIONS = NO;
				ENABLE_STRICT_OBJC_MSGSEND = YES;
				GCC_C_LANGUAGE_STANDARD = gnu11;
				GCC_NO_COMMON_BLOCKS = YES;
				GCC_WARN_64_TO_32_BIT_CONVERSION = YES;
				GCC_WARN_ABOUT_RETURN_TYPE = YES_ERROR;
				GCC_WARN_UNDECLARED_SELECTOR = YES;
				GCC_WARN_UNINITIALIZED_AUTOS = YES_AGGRESSIVE;
				GCC_WARN_UNUSED_FUNCTION = YES;
				GCC_WARN_UNUSED_VARIABLE = YES;
				IPHONEOS_DEPLOYMENT_TARGET = 10.0;
				MTL_ENABLE_DEBUG_INFO = NO;
				MTL_FAST_MATH = YES;
				PRODUCT_NAME = "$(TARGET_NAME)";
				SDKROOT = iphoneos;
				SWIFT_COMPILATION_MODE = wholemodule;
				SWIFT_OPTIMIZATION_LEVEL = "-O";
				SWIFT_VERSION = 5.0;
			};
			name = Staging;
		};
		FC0D8E5A5ECE201B8143FB9B /* Debug */ = {
			isa = XCBuildConfiguration;
			buildSettings = {
				ALWAYS_SEARCH_USER_PATHS = NO;
				CLANG_ANALYZER_NONNULL = YES;
				CLANG_ANALYZER_NUMBER_OBJECT_CONVERSION = YES_AGGRESSIVE;
				CLANG_CXX_LANGUAGE_STANDARD = "gnu++14";
				CLANG_CXX_LIBRARY = "libc++";
				CLANG_ENABLE_MODULES = YES;
				CLANG_ENABLE_OBJC_ARC = YES;
				CLANG_ENABLE_OBJC_WEAK = YES;
				CLANG_WARN_BLOCK_CAPTURE_AUTORELEASING = YES;
				CLANG_WARN_BOOL_CONVERSION = YES;
				CLANG_WARN_COMMA = YES;
				CLANG_WARN_CONSTANT_CONVERSION = YES;
				CLANG_WARN_DEPRECATED_OBJC_IMPLEMENTATIONS = YES;
				CLANG_WARN_DIRECT_OBJC_ISA_USAGE = YES_ERROR;
				CLANG_WARN_DOCUMENTATION_COMMENTS = YES;
				CLANG_WARN_EMPTY_BODY = YES;
				CLANG_WARN_ENUM_CONVERSION = YES;
				CLANG_WARN_INFINITE_RECURSION = YES;
				CLANG_WARN_INT_CONVERSION = YES;
				CLANG_WARN_NON_LITERAL_NULL_CONVERSION = YES;
				CLANG_WARN_OBJC_IMPLICIT_RETAIN_SELF = YES;
				CLANG_WARN_OBJC_LITERAL_CONVERSION = YES;
				CLANG_WARN_OBJC_ROOT_CLASS = YES_ERROR;
				CLANG_WARN_QUOTED_INCLUDE_IN_FRAMEWORK_HEADER = YES;
				CLANG_WARN_RANGE_LOOP_ANALYSIS = YES;
				CLANG_WARN_STRICT_PROTOTYPES = YES;
				CLANG_WARN_SUSPICIOUS_MOVE = YES;
				CLANG_WARN_UNGUARDED_AVAILABILITY = YES_AGGRESSIVE;
				CLANG_WARN_UNREACHABLE_CODE = YES;
				CLANG_WARN__DUPLICATE_METHOD_MATCH = YES;
				COPY_PHASE_STRIP = NO;
				DEBUG_INFORMATION_FORMAT = dwarf;
				ENABLE_STRICT_OBJC_MSGSEND = YES;
				ENABLE_TESTABILITY = YES;
				GCC_C_LANGUAGE_STANDARD = gnu11;
				GCC_DYNAMIC_NO_PIC = NO;
				GCC_NO_COMMON_BLOCKS = YES;
				GCC_OPTIMIZATION_LEVEL = 0;
				GCC_PREPROCESSOR_DEFINITIONS = (
					"$(inherited)",
					"DEBUG=1",
				);
				GCC_WARN_64_TO_32_BIT_CONVERSION = YES;
				GCC_WARN_ABOUT_RETURN_TYPE = YES_ERROR;
				GCC_WARN_UNDECLARED_SELECTOR = YES;
				GCC_WARN_UNINITIALIZED_AUTOS = YES_AGGRESSIVE;
				GCC_WARN_UNUSED_FUNCTION = YES;
				GCC_WARN_UNUSED_VARIABLE = YES;
				IPHONEOS_DEPLOYMENT_TARGET = 10.0;
				MTL_ENABLE_DEBUG_INFO = INCLUDE_SOURCE;
				MTL_FAST_MATH = YES;
				ONLY_ACTIVE_ARCH = YES;
				PRODUCT_NAME = "$(TARGET_NAME)";
				SDKROOT = iphoneos;
				SWIFT_ACTIVE_COMPILATION_CONDITIONS = DEBUG;
				SWIFT_OPTIMIZATION_LEVEL = "-Onone";
				SWIFT_VERSION = 5.0;
			};
			name = Debug;
		};
/* End XCBuildConfiguration section */

/* Begin XCConfigurationList section */
		48A0E896E0EF18B4E252C5DD /* Build configuration list for PBXProject "XcodeGenDemo" */ = {
			isa = XCConfigurationList;
			buildConfigurations = (
				FC0D8E5A5ECE201B8143FB9B /* Debug */,
				7625F0BAA3CBD1104DA37F2C /* Production */,
				E8F200A5CE06DA418E96AAAE /* Staging */,
			);
			defaultConfigurationIsVisible = 0;
			defaultConfigurationName = Production;
		};
		D40844485467B391F1412C96 /* Build configuration list for PBXNativeTarget "App" */ = {
			isa = XCConfigurationList;
			buildConfigurations = (
				A5B5EC8385C6289932F9436D /* Debug */,
				C1CEB5CC83D446A1796F859C /* Production */,
				D654791393C6E094FECBF3C2 /* Staging */,
			);
			defaultConfigurationIsVisible = 0;
			defaultConfigurationName = Production;
		};
/* End XCConfigurationList section */
	};
	rootObject = 745576A03DD50344F17F9DD2 /* Project object */;
}
